
Microsoft Visual Studio Solution File, Format Version 12.00
# Visual Studio 14
VisualStudioVersion = 14.0.24720.0
MinimumVisualStudioVersion = 10.0.40219.1
Project("{FAE04EC0-301F-11D3-BF4B-00C04F79EFBC}") = "MiniMVP", "MiniMVP\MiniMVP.csproj", "{144873A6-176C-4C86-9682-19135BFAF634}"
EndProject
Project("{FAE04EC0-301F-11D3-BF4B-00C04F79EFBC}") = "MiniMVP.Samples", "MiniMVP.Samples\MiniMVP.Samples.csproj", "{13612B0D-8DD1-4EC0-A605-C9DD538FFCA9}"
EndProject
Project("{FAE04EC0-301F-11D3-BF4B-00C04F79EFBC}") = "MiniMVP.Tests", "MiniMVP.Tests\MiniMVP.Tests.csproj", "{366939FE-B62E-4FEF-8696-7259F820F3CC}"
EndProject
Global
	GlobalSection(SolutionConfigurationPlatforms) = preSolution
		Debug|Any CPU = Debug|Any CPU
		Release|Any CPU = Release|Any CPU
	EndGlobalSection
	GlobalSection(ProjectConfigurationPlatforms) = postSolution
		{144873A6-176C-4C86-9682-19135BFAF634}.Debug|Any CPU.ActiveCfg = Debug|Any CPU
		{144873A6-176C-4C86-9682-19135BFAF634}.Debug|Any CPU.Build.0 = Debug|Any CPU
		{144873A6-176C-4C86-9682-19135BFAF634}.Release|Any CPU.ActiveCfg = Release|Any CPU
		{144873A6-176C-4C86-9682-19135BFAF634}.Release|Any CPU.Build.0 = Release|Any CPU
		{13612B0D-8DD1-4EC0-A605-C9DD538FFCA9}.Debug|Any CPU.ActiveCfg = Debug|Any CPU
		{13612B0D-8DD1-4EC0-A605-C9DD538FFCA9}.Debug|Any CPU.Build.0 = Debug|Any CPU
		{13612B0D-8DD1-4EC0-A605-C9DD538FFCA9}.Release|Any CPU.ActiveCfg = Release|Any CPU
		{13612B0D-8DD1-4EC0-A605-C9DD538FFCA9}.Release|Any CPU.Build.0 = Release|Any CPU
		{366939FE-B62E-4FEF-8696-7259F820F3CC}.Debug|Any CPU.ActiveCfg = Debug|Any CPU
		{366939FE-B62E-4FEF-8696-7259F820F3CC}.Debug|Any CPU.Build.0 = Debug|Any CPU
		{366939FE-B62E-4FEF-8696-7259F820F3CC}.Release|Any CPU.ActiveCfg = Release|Any CPU
		{366939FE-B62E-4FEF-8696-7259F820F3CC}.Release|Any CPU.Build.0 = Release|Any CPU
	EndGlobalSection
	GlobalSection(SolutionProperties) = preSolution
		HideSolutionNode = FALSE
	EndGlobalSection
EndGlobal
